
Microsoft Visual Studio Solution File, Format Version 12.00
# Visual Studio Version 17
VisualStudioVersion = 17.11.35222.181
MinimumVisualStudioVersion = 10.0.40219.1
Project("{FAE04EC0-301F-11D3-BF4B-00C04F79EFBC}") = "ClassANDObject221024", "ClassANDObject221024\ClassANDObject221024.csproj", "{1230E5E2-1535-4FF8-A148-783143D31B2B}"
EndProject
Global
	GlobalSection(SolutionConfigurationPlatforms) = preSolution
		Debug|Any CPU = Debug|Any CPU
		Release|Any CPU = Release|Any CPU
	EndGlobalSection
	GlobalSection(ProjectConfigurationPlatforms) = postSolution
		{1230E5E2-1535-4FF8-A148-783143D31B2B}.Debug|Any CPU.ActiveCfg = Debug|Any CPU
		{1230E5E2-1535-4FF8-A148-783143D31B2B}.Debug|Any CPU.Build.0 = Debug|Any CPU
		{1230E5E2-1535-4FF8-A148-783143D31B2B}.Release|Any CPU.ActiveCfg = Release|Any CPU
		{1230E5E2-1535-4FF8-A148-783143D31B2B}.Release|Any CPU.Build.0 = Release|Any CPU
	EndGlobalSection
	GlobalSection(SolutionProperties) = preSolution
		HideSolutionNode = FALSE
	EndGlobalSection
	GlobalSection(ExtensibilityGlobals) = postSolution
		SolutionGuid = {5F159337-547F-4B8B-83C9-E3B431640E1A}
	EndGlobalSection
EndGlobal
